{
  "version": "3",
  "packages": {
    "specifiers": {
      "jsr:@cliffy/command@1.0.0-rc.5": "jsr:@cliffy/command@1.0.0-rc.5",
      "jsr:@cliffy/flags@1.0.0-rc.5": "jsr:@cliffy/flags@1.0.0-rc.5",
      "jsr:@cliffy/internal@1.0.0-rc.5": "jsr:@cliffy/internal@1.0.0-rc.5",
      "jsr:@cliffy/table@1.0.0-rc.5": "jsr:@cliffy/table@1.0.0-rc.5",
      "jsr:@std/bytes@^1.0.0-rc.3": "jsr:@std/bytes@1.0.2",
      "jsr:@std/bytes@^1.0.1-rc.3": "jsr:@std/bytes@1.0.2",
      "jsr:@std/cli@1.0.0-rc.2": "jsr:@std/cli@1.0.0-rc.2",
      "jsr:@std/encoding@1.0.1": "jsr:@std/encoding@1.0.1",
      "jsr:@std/fmt@~0.225.4": "jsr:@std/fmt@0.225.6",
      "jsr:@std/fs@0.229.3": "jsr:@std/fs@0.229.3",
      "jsr:@std/io@^0.224.1": "jsr:@std/io@0.224.3",
      "jsr:@std/path@1.0.0": "jsr:@std/path@1.0.0",
      "jsr:@std/path@1.0.0-rc.1": "jsr:@std/path@1.0.0-rc.1",
      "jsr:@std/streams@0.224.5": "jsr:@std/streams@0.224.5",
      "jsr:@std/text@1.0.0-rc.1": "jsr:@std/text@1.0.0-rc.1",
      "npm:@types/node": "npm:@types/node@18.16.19",
      "npm:emphasize@7.0.0": "npm:emphasize@7.0.0",
      "npm:highlight.js": "npm:highlight.js@11.9.0",
      "npm:highlight.js@^11.10.0": "npm:highlight.js@11.10.0",
      "npm:open@10.1.0": "npm:open@10.1.0",
      "npm:shlex@2.1.2": "npm:shlex@2.1.2"
    },
    "jsr": {
      "@cliffy/command@1.0.0-rc.5": {
        "integrity": "55e00a1d0ae38152fb275a89494a81ffb9b144eb9060107c0be5af46e1ba736c",
        "dependencies": [
          "jsr:@cliffy/flags@1.0.0-rc.5",
          "jsr:@cliffy/internal@1.0.0-rc.5",
          "jsr:@cliffy/table@1.0.0-rc.5",
          "jsr:@std/fmt@~0.225.4",
          "jsr:@std/text@1.0.0-rc.1"
        ]
      },
      "@cliffy/flags@1.0.0-rc.5": {
        "integrity": "bd33b7b399e0af353f5516d87a2d552d46ee7e7f4a6f0c0bc65fcce750710217",
        "dependencies": [
          "jsr:@std/text@1.0.0-rc.1"
        ]
      },
      "@cliffy/internal@1.0.0-rc.5": {
        "integrity": "1e8dca4fcfba1815bf1a899bb880e09f8b45284c352465ef8fb015887c1fc126"
      },
      "@cliffy/table@1.0.0-rc.5": {
        "integrity": "2b3e1b4764bbb56b0c39aeba95bc0bb551d9bd4475fbb6d1ce368c08b7ef9eb3",
        "dependencies": [
          "jsr:@std/cli@1.0.0-rc.2",
          "jsr:@std/fmt@~0.225.4"
        ]
      },
      "@std/bytes@1.0.2": {
        "integrity": "fbdee322bbd8c599a6af186a1603b3355e59a5fb1baa139f8f4c3c9a1b3e3d57"
      },
      "@std/cli@1.0.0-rc.2": {
        "integrity": "97dfae82b9f0e189768ebfa7a5da53375955b94bad0a1804f8e3b73563b03787"
      },
      "@std/encoding@1.0.1": {
        "integrity": "5955c6c542ebb4ce6587c3b548dc71e07a6c27614f1976d1d3887b1196cf4e65"
      },
      "@std/fmt@0.225.6": {
        "integrity": "aba6aea27f66813cecfd9484e074a9e9845782ab0685c030e453a8a70b37afc8"
      },
      "@std/fs@0.229.3": {
        "integrity": "783bca21f24da92e04c3893c9e79653227ab016c48e96b3078377ebd5222e6eb",
        "dependencies": [
          "jsr:@std/path@1.0.0-rc.1"
        ]
      },
      "@std/io@0.224.3": {
        "integrity": "b402edeb99c6b3778d9ae3e9927bc9085b170b41e5a09bbb7064ab2ee394ae2f",
        "dependencies": [
          "jsr:@std/bytes@^1.0.1-rc.3"
        ]
      },
      "@std/path@1.0.0": {
        "integrity": "77fcb858b6e38777d1154df0f02245ba0b07e2c40ca3c0eec57c9233188c2d21"
      },
      "@std/path@1.0.0-rc.1": {
        "integrity": "b8c00ae2f19106a6bb7cbf1ab9be52aa70de1605daeb2dbdc4f87a7cbaf10ff6"
      },
      "@std/streams@0.224.5": {
        "integrity": "bcde7818dd5460d474cdbd674b15f6638b9cd73cd64e52bd852fba2bd4d8ec91",
        "dependencies": [
          "jsr:@std/bytes@^1.0.0-rc.3",
          "jsr:@std/io@^0.224.1"
        ]
      },
      "@std/text@1.0.0-rc.1": {
        "integrity": "34c722203e87ee12792c8d4a0cd2ee0e001341cbce75b860fc21be19d62232b0"
      }
    },
    "npm": {
      "@types/hast@3.0.4": {
        "integrity": "sha512-WPs+bbQw5aCj+x6laNGWLH3wviHtoCv/P3+otBhbOhJgG8qtpdAMlTCxLtsTWA7LH1Oh/bFCHsBn0TPS5m30EQ==",
        "dependencies": {
          "@types/unist": "@types/unist@3.0.2"
        }
      },
      "@types/node@18.16.19": {
        "integrity": "sha512-IXl7o+R9iti9eBW4Wg2hx1xQDig183jj7YLn8F7udNceyfkbn1ZxmzZXuak20gR40D7pIkIY1kYGx5VIGbaHKA==",
        "dependencies": {}
      },
      "@types/unist@3.0.2": {
        "integrity": "sha512-dqId9J8K/vGi5Zr7oo212BGii5m3q5Hxlkwy3WpYuKPklmBEvsbMYYyLxAQpSffdLl/gdW0XUpKWFvYmyoWCoQ==",
        "dependencies": {}
      },
      "bundle-name@4.1.0": {
        "integrity": "sha512-tjwM5exMg6BGRI+kNmTntNsvdZS1X8BFYS6tnJ2hdH0kVxM6/eVZ2xy+FqStSWvYmtfFMDLIxurorHwDKfDz5Q==",
        "dependencies": {
          "run-applescript": "run-applescript@7.0.0"
        }
      },
      "chalk@5.3.0": {
        "integrity": "sha512-dLitG79d+GV1Nb/VYcCDFivJeK1hiukt9QjRNVOsUtTy1rR1YJsmpGGTZ3qJos+uw7WmWF4wUwBd9jxjocFC2w==",
        "dependencies": {}
      },
      "default-browser-id@5.0.0": {
        "integrity": "sha512-A6p/pu/6fyBcA1TRz/GqWYPViplrftcW2gZC9q79ngNCKAeR/X3gcEdXQHl4KNXV+3wgIJ1CPkJQ3IHM6lcsyA==",
        "dependencies": {}
      },
      "default-browser@5.2.1": {
        "integrity": "sha512-WY/3TUME0x3KPYdRRxEJJvXRHV4PyPoUsxtZa78lwItwRQRHhd2U9xOscaT/YTf8uCXIAjeJOFBVEh/7FtD8Xg==",
        "dependencies": {
          "bundle-name": "bundle-name@4.1.0",
          "default-browser-id": "default-browser-id@5.0.0"
        }
      },
      "define-lazy-prop@3.0.0": {
        "integrity": "sha512-N+MeXYoqr3pOgn8xfyRPREN7gHakLYjhsHhWGT3fWAiL4IkAt0iDw14QiiEm2bE30c5XX5q0FtAA3CK5f9/BUg==",
        "dependencies": {}
      },
      "dequal@2.0.3": {
        "integrity": "sha512-0je+qPKHEMohvfRTCEo3CrPG6cAzAYgmzKyxRiYSSDkS6eGJdyVJm7WaYA5ECaAD9wLB2T4EEeymA5aFVcYXCA==",
        "dependencies": {}
      },
      "devlop@1.1.0": {
        "integrity": "sha512-RWmIqhcFf1lRYBvNmr7qTNuyCt/7/ns2jbpp1+PalgE/rDQcBT0fioSMUpJ93irlUhC5hrg4cYqe6U+0ImW0rA==",
        "dependencies": {
          "dequal": "dequal@2.0.3"
        }
      },
      "emphasize@7.0.0": {
        "integrity": "sha512-jdFCDyt+YetBXO12VwK4AiLsMCvkZ3IBxMVIJddB+25EwIL0VETBgpvPkJl63+JyAgaQ5Wja10qWMoXXC95JNg==",
        "dependencies": {
          "@types/hast": "@types/hast@3.0.4",
          "chalk": "chalk@5.3.0",
          "highlight.js": "highlight.js@11.9.0",
          "lowlight": "lowlight@3.1.0"
        }
      },
      "highlight.js@11.10.0": {
        "integrity": "sha512-SYVnVFswQER+zu1laSya563s+F8VDGt7o35d4utbamowvUNLLMovFqwCLSocpZTz3MgaSRA1IbqRWZv97dtErQ==",
        "dependencies": {}
      },
      "highlight.js@11.9.0": {
        "integrity": "sha512-fJ7cW7fQGCYAkgv4CPfwFHrfd/cLS4Hau96JuJ+ZTOWhjnhoeN1ub1tFmALm/+lW5z4WCAuAV9bm05AP0mS6Gw==",
        "dependencies": {}
      },
      "is-docker@3.0.0": {
        "integrity": "sha512-eljcgEDlEns/7AXFosB5K/2nCM4P7FQPkGc/DWLy5rmFEWvZayGrik1d9/QIY5nJ4f9YsVvBkA6kJpHn9rISdQ==",
        "dependencies": {}
      },
      "is-inside-container@1.0.0": {
        "integrity": "sha512-KIYLCCJghfHZxqjYBE7rEy0OBuTd5xCHS7tHVgvCLkx7StIoaxwNW3hCALgEUjFfeRk+MG/Qxmp/vtETEF3tRA==",
        "dependencies": {
          "is-docker": "is-docker@3.0.0"
        }
      },
      "is-wsl@3.1.0": {
        "integrity": "sha512-UcVfVfaK4Sc4m7X3dUSoHoozQGBEFeDC+zVo06t98xe8CzHSZZBekNXH+tu0NalHolcJ/QAGqS46Hef7QXBIMw==",
        "dependencies": {
          "is-inside-container": "is-inside-container@1.0.0"
        }
      },
      "lowlight@3.1.0": {
        "integrity": "sha512-CEbNVoSikAxwDMDPjXlqlFYiZLkDJHwyGu/MfOsJnF3d7f3tds5J3z8s/l9TMXhzfsJCCJEAsD78842mwmg0PQ==",
        "dependencies": {
          "@types/hast": "@types/hast@3.0.4",
          "devlop": "devlop@1.1.0",
          "highlight.js": "highlight.js@11.9.0"
        }
      },
      "open@10.1.0": {
        "integrity": "sha512-mnkeQ1qP5Ue2wd+aivTD3NHd/lZ96Lu0jgf0pwktLPtx6cTZiH7tyeGRRHs0zX0rbrahXPnXlUnbeXyaBBuIaw==",
        "dependencies": {
          "default-browser": "default-browser@5.2.1",
          "define-lazy-prop": "define-lazy-prop@3.0.0",
          "is-inside-container": "is-inside-container@1.0.0",
          "is-wsl": "is-wsl@3.1.0"
        }
      },
      "run-applescript@7.0.0": {
        "integrity": "sha512-9by4Ij99JUr/MCFBUkDKLWK3G9HVXmabKz9U5MlIAIuvuzkiOicRYs8XJLxX+xahD+mLiiCYDqF9dKAgtzKP1A==",
        "dependencies": {}
      },
      "shlex@2.1.2": {
        "integrity": "sha512-Nz6gtibMVgYeMEhUjp2KuwAgqaJA1K155dU/HuDaEJUGgnmYfVtVZah+uerVWdH8UGnyahhDCgABbYTbs254+w==",
        "dependencies": {}
      }
    }
  },
  "remote": {},
  "workspace": {
    "dependencies": [
      "jsr:@cliffy/command@1.0.0-rc.5",
      "jsr:@cliffy/table@1.0.0-rc.5",
      "jsr:@std/encoding@1.0.1",
      "jsr:@std/fs@0.229.3",
      "jsr:@std/path@1.0.0",
      "jsr:@std/streams@0.224.5",
      "npm:emphasize@7.0.0",
      "npm:highlight.js@^11.10.0",
      "npm:open@10.1.0",
      "npm:shlex@2.1.2",
      "npm:xdg-portable"
    ]
  }
}
